
Microsoft Visual Studio Solution File, Format Version 12.00
# Visual Studio Version 16
VisualStudioVersion = 16.0.34407.143
MinimumVisualStudioVersion = 10.0.40219.1
Project("{FAE04EC0-301F-11D3-BF4B-00C04F79EFBC}") = "school1", "school1\school1.csproj", "{6586788A-86BF-440B-A07A-7A4C20A9B4AC}"
EndProject
Global
	GlobalSection(SolutionConfigurationPlatforms) = preSolution
		Debug|Any CPU = Debug|Any CPU
		Release|Any CPU = Release|Any CPU
	EndGlobalSection
	GlobalSection(ProjectConfigurationPlatforms) = postSolution
		{6586788A-86BF-440B-A07A-7A4C20A9B4AC}.Debug|Any CPU.ActiveCfg = Debug|Any CPU
		{6586788A-86BF-440B-A07A-7A4C20A9B4AC}.Debug|Any CPU.Build.0 = Debug|Any CPU
		{6586788A-86BF-440B-A07A-7A4C20A9B4AC}.Release|Any CPU.ActiveCfg = Release|Any CPU
		{6586788A-86BF-440B-A07A-7A4C20A9B4AC}.Release|Any CPU.Build.0 = Release|Any CPU
	EndGlobalSection
	GlobalSection(SolutionProperties) = preSolution
		HideSolutionNode = FALSE
	EndGlobalSection
	GlobalSection(ExtensibilityGlobals) = postSolution
		SolutionGuid = {1BAABF2C-9AF8-47C3-8FD1-5771BA026C84}
	EndGlobalSection
EndGlobal
